// !$*UTF8*$!
{
	archiveVersion = 1;
	classes = {
	};
	objectVersion = 51;
	objects = {

/* Begin PBXBuildFile section */
		04089A340EA68E17952842A0 /* README.md in Resources */ = {isa = PBXBuildFile; fileRef = CB82FFD8CFA86023FDF72A4A /* README.md */; };
		04C16654BD9B041B4636030A /* QuizClient.swift in Sources */ = {isa = PBXBuildFile; fileRef = A69011D4B95B505E9F2340B6 /* QuizClient.swift */; };
		082B9B3DDCAC06B681512968 /* TestFunction.storyboard in Resources */ = {isa = PBXBuildFile; fileRef = 636084E6993DBCB69FBCC23E /* TestFunction.storyboard */; };
		0D2B1E73D7A994F874FA3F9D /* Main.storyboard in Resources */ = {isa = PBXBuildFile; fileRef = BFE77AF38D9D5FB03E6F9C0C /* Main.storyboard */; };
		0F9FFADDAACEF67FD57D8916 /* Quiz.swift in Sources */ = {isa = PBXBuildFile; fileRef = 7E8B1E606C9F0BB0B1369AE3 /* Quiz.swift */; };
		1E0B25AD2D5F243349295285 /* ResultViewController.swift in Sources */ = {isa = PBXBuildFile; fileRef = 6094CFBCE92A4A65F594F636 /* ResultViewController.swift */; };
		2F523F1E7F04E990C267D8FE /* ViewController.swift in Sources */ = {isa = PBXBuildFile; fileRef = CC5C1882863D650D3D18DDA6 /* ViewController.swift */; };
		35DAE5574BDFCD656333F483 /* Pods_client.framework in Frameworks */ = {isa = PBXBuildFile; fileRef = ACD42AABAAFADF1367CCBFA4 /* Pods_client.framework */; };
		3F44431299D017DF6911BBB5 /* WebSocketManager.swift in Sources */ = {isa = PBXBuildFile; fileRef = 328C53D27CB3F8017C81B66D /* WebSocketManager.swift */; };
		5415E8531290A6818B0988F4 /* SceneDelegate.swift in Sources */ = {isa = PBXBuildFile; fileRef = BE64C5234FBB1A84DE287F24 /* SceneDelegate.swift */; };
		589B2448CAE88A2290953AD5 /* WaitViewController.swift in Sources */ = {isa = PBXBuildFile; fileRef = 1D021F73DE17648F28C0F05D /* WaitViewController.swift */; };
		5B63A436B6D532F78A2E6508 /* Question.mp3 in Resources */ = {isa = PBXBuildFile; fileRef = 3FD84B9D8459A27881681C2D /* Question.mp3 */; };
		8D92D5E68147EB401BDA69E6 /* TestWebSocketViewController.swift in Sources */ = {isa = PBXBuildFile; fileRef = 0ECAF456A1041DED820140FB /* TestWebSocketViewController.swift */; };
		8E97B989805947E0F547B906 /* TestWebSocket.storyboard in Resources */ = {isa = PBXBuildFile; fileRef = DC4237237C3F8AEBFA2CF37D /* TestWebSocket.storyboard */; };
		910697AA3E3469247DA79788 /* Correct_Answer.mp3 in Resources */ = {isa = PBXBuildFile; fileRef = DD3900E0678E8919536153F9 /* Correct_Answer.mp3 */; };
		97C459D62AEC784F9811A284 /* Assets.xcassets in Resources */ = {isa = PBXBuildFile; fileRef = 75D7FD29996885F4A28ACB1A /* Assets.xcassets */; };
		A0FA55808EC3EB3F96771F89 /* Buzzer.mp3 in Resources */ = {isa = PBXBuildFile; fileRef = 5D615F12F53A6A86D977DE1A /* Buzzer.mp3 */; };
		B22D2C4CDA194CD322E95094 /* Wrong_Answer.mp3 in Resources */ = {isa = PBXBuildFile; fileRef = 86AA941349DB407FF39E3A65 /* Wrong_Answer.mp3 */; };
		BB3497CEDE2E7F8FBDA9AEF7 /* project.yml in Resources */ = {isa = PBXBuildFile; fileRef = 457FCA0F882AD7EB7938EF04 /* project.yml */; };
		C005F21D77D01E099F8A835E /* HomeViewController.swift in Sources */ = {isa = PBXBuildFile; fileRef = 7EE1E11C018211EE3FC2A07A /* HomeViewController.swift */; };
		D0882114975ADC451A807CF9 /* AppDelegate.swift in Sources */ = {isa = PBXBuildFile; fileRef = 985A186F9637DFB32852805B /* AppDelegate.swift */; };
		E574D1BBA5A7E53FD819B426 /* LaunchScreen.storyboard in Resources */ = {isa = PBXBuildFile; fileRef = 2990200C22BBE35E9716B638 /* LaunchScreen.storyboard */; };
		FE0EDF0FAD7F38131608910B /* PlayViewController.swift in Sources */ = {isa = PBXBuildFile; fileRef = 4E71045F3DCB39A1138B0D69 /* PlayViewController.swift */; };
/* End PBXBuildFile section */

/* Begin PBXFileReference section */
		0ECAF456A1041DED820140FB /* TestWebSocketViewController.swift */ = {isa = PBXFileReference; lastKnownFileType = sourcecode.swift; path = TestWebSocketViewController.swift; sourceTree = "<group>"; };
		0F00BB507D417E2906D51EA8 /* Pods-client.release.xcconfig */ = {isa = PBXFileReference; includeInIndex = 1; lastKnownFileType = text.xcconfig; name = "Pods-client.release.xcconfig"; path = "Target Support Files/Pods-client/Pods-client.release.xcconfig"; sourceTree = "<group>"; };
		1D021F73DE17648F28C0F05D /* WaitViewController.swift */ = {isa = PBXFileReference; lastKnownFileType = sourcecode.swift; path = WaitViewController.swift; sourceTree = "<group>"; };
		2965B6AAEC8B72A5AA362A72 /* Base */ = {isa = PBXFileReference; lastKnownFileType = file.storyboard; name = Base; path = Base.lproj/LaunchScreen.storyboard; sourceTree = "<group>"; };
		328C53D27CB3F8017C81B66D /* WebSocketManager.swift */ = {isa = PBXFileReference; lastKnownFileType = sourcecode.swift; path = WebSocketManager.swift; sourceTree = "<group>"; };
		3FD84B9D8459A27881681C2D /* Question.mp3 */ = {isa = PBXFileReference; lastKnownFileType = audio.mp3; path = Question.mp3; sourceTree = "<group>"; };
		457FCA0F882AD7EB7938EF04 /* project.yml */ = {isa = PBXFileReference; lastKnownFileType = text.yaml; path = project.yml; sourceTree = "<group>"; };
		4E71045F3DCB39A1138B0D69 /* PlayViewController.swift */ = {isa = PBXFileReference; lastKnownFileType = sourcecode.swift; path = PlayViewController.swift; sourceTree = "<group>"; };
		548F8F7AF1D29E9D9B7C9194 /* Pods-client.debug.xcconfig */ = {isa = PBXFileReference; includeInIndex = 1; lastKnownFileType = text.xcconfig; name = "Pods-client.debug.xcconfig"; path = "Target Support Files/Pods-client/Pods-client.debug.xcconfig"; sourceTree = "<group>"; };
		5D615F12F53A6A86D977DE1A /* Buzzer.mp3 */ = {isa = PBXFileReference; lastKnownFileType = audio.mp3; path = Buzzer.mp3; sourceTree = "<group>"; };
		6094CFBCE92A4A65F594F636 /* ResultViewController.swift */ = {isa = PBXFileReference; lastKnownFileType = sourcecode.swift; path = ResultViewController.swift; sourceTree = "<group>"; };
		636084E6993DBCB69FBCC23E /* TestFunction.storyboard */ = {isa = PBXFileReference; lastKnownFileType = file.storyboard; path = TestFunction.storyboard; sourceTree = "<group>"; };
		75D7FD29996885F4A28ACB1A /* Assets.xcassets */ = {isa = PBXFileReference; lastKnownFileType = folder.assetcatalog; path = Assets.xcassets; sourceTree = "<group>"; };
		7E8B1E606C9F0BB0B1369AE3 /* Quiz.swift */ = {isa = PBXFileReference; lastKnownFileType = sourcecode.swift; path = Quiz.swift; sourceTree = "<group>"; };
		7EE1E11C018211EE3FC2A07A /* HomeViewController.swift */ = {isa = PBXFileReference; lastKnownFileType = sourcecode.swift; path = HomeViewController.swift; sourceTree = "<group>"; };
		8173C5CD325C99327C79430F /* .gitignore */ = {isa = PBXFileReference; path = .gitignore; sourceTree = "<group>"; };
		86AA941349DB407FF39E3A65 /* Wrong_Answer.mp3 */ = {isa = PBXFileReference; lastKnownFileType = audio.mp3; path = Wrong_Answer.mp3; sourceTree = "<group>"; };
		933C27CBD861086CECFA76EE /* Info.plist */ = {isa = PBXFileReference; lastKnownFileType = text.plist; path = Info.plist; sourceTree = "<group>"; };
		985A186F9637DFB32852805B /* AppDelegate.swift */ = {isa = PBXFileReference; lastKnownFileType = sourcecode.swift; path = AppDelegate.swift; sourceTree = "<group>"; };
		9B0471D2EC685D174BC88A13 /* Base */ = {isa = PBXFileReference; lastKnownFileType = file.storyboard; name = Base; path = Base.lproj/Main.storyboard; sourceTree = "<group>"; };
		A69011D4B95B505E9F2340B6 /* QuizClient.swift */ = {isa = PBXFileReference; lastKnownFileType = sourcecode.swift; path = QuizClient.swift; sourceTree = "<group>"; };
		ACD42AABAAFADF1367CCBFA4 /* Pods_client.framework */ = {isa = PBXFileReference; explicitFileType = wrapper.framework; includeInIndex = 0; path = Pods_client.framework; sourceTree = BUILT_PRODUCTS_DIR; };
		BE64C5234FBB1A84DE287F24 /* SceneDelegate.swift */ = {isa = PBXFileReference; lastKnownFileType = sourcecode.swift; path = SceneDelegate.swift; sourceTree = "<group>"; };
		C5AB149228558ADD45FABBF2 /* client.app */ = {isa = PBXFileReference; includeInIndex = 0; lastKnownFileType = wrapper.application; path = client.app; sourceTree = BUILT_PRODUCTS_DIR; };
		CB82FFD8CFA86023FDF72A4A /* README.md */ = {isa = PBXFileReference; lastKnownFileType = net.daringfireball.markdown; path = README.md; sourceTree = "<group>"; };
		CC5C1882863D650D3D18DDA6 /* ViewController.swift */ = {isa = PBXFileReference; lastKnownFileType = sourcecode.swift; path = ViewController.swift; sourceTree = "<group>"; };
		DC4237237C3F8AEBFA2CF37D /* TestWebSocket.storyboard */ = {isa = PBXFileReference; lastKnownFileType = file.storyboard; path = TestWebSocket.storyboard; sourceTree = "<group>"; };
		DD3900E0678E8919536153F9 /* Correct_Answer.mp3 */ = {isa = PBXFileReference; lastKnownFileType = audio.mp3; path = Correct_Answer.mp3; sourceTree = "<group>"; };
/* End PBXFileReference section */

/* Begin PBXFrameworksBuildPhase section */
		0AB13518238123E7AB2F7A5A /* Frameworks */ = {
			isa = PBXFrameworksBuildPhase;
			buildActionMask = 2147483647;
			files = (
				35DAE5574BDFCD656333F483 /* Pods_client.framework in Frameworks */,
			);
			runOnlyForDeploymentPostprocessing = 0;
		};
/* End PBXFrameworksBuildPhase section */

/* Begin PBXGroup section */
		35CA0FE8767B7896086EA4CD /* Pods */ = {
			isa = PBXGroup;
			children = (
				548F8F7AF1D29E9D9B7C9194 /* Pods-client.debug.xcconfig */,
				0F00BB507D417E2906D51EA8 /* Pods-client.release.xcconfig */,
			);
			name = Pods;
			path = Pods;
			sourceTree = "<group>";
		};
		4F7E1AF58E5191467E2055F0 /* Sample */ = {
			isa = PBXGroup;
			children = (
				DC4237237C3F8AEBFA2CF37D /* TestWebSocket.storyboard */,
				0ECAF456A1041DED820140FB /* TestWebSocketViewController.swift */,
			);
			path = Sample;
			sourceTree = "<group>";
		};
		6E59BFCA88967E518FB9DDD8 = {
			isa = PBXGroup;
			children = (
				8173C5CD325C99327C79430F /* .gitignore */,
				457FCA0F882AD7EB7938EF04 /* project.yml */,
				CB82FFD8CFA86023FDF72A4A /* README.md */,
				739C76D43A92331916BE4CE7 /* Sources */,
				AA99229A272F07DA07B0963B /* Products */,
				35CA0FE8767B7896086EA4CD /* Pods */,
				DE1D31BF194831531E9FC41D /* Frameworks */,
			);
			sourceTree = "<group>";
		};
		739C76D43A92331916BE4CE7 /* Sources */ = {
			isa = PBXGroup;
			children = (
				985A186F9637DFB32852805B /* AppDelegate.swift */,
				75D7FD29996885F4A28ACB1A /* Assets.xcassets */,
				5D615F12F53A6A86D977DE1A /* Buzzer.mp3 */,
				DD3900E0678E8919536153F9 /* Correct_Answer.mp3 */,
				7EE1E11C018211EE3FC2A07A /* HomeViewController.swift */,
				933C27CBD861086CECFA76EE /* Info.plist */,
				2990200C22BBE35E9716B638 /* LaunchScreen.storyboard */,
				BFE77AF38D9D5FB03E6F9C0C /* Main.storyboard */,
				4E71045F3DCB39A1138B0D69 /* PlayViewController.swift */,
				3FD84B9D8459A27881681C2D /* Question.mp3 */,
				7E8B1E606C9F0BB0B1369AE3 /* Quiz.swift */,
				A69011D4B95B505E9F2340B6 /* QuizClient.swift */,
				6094CFBCE92A4A65F594F636 /* ResultViewController.swift */,
				BE64C5234FBB1A84DE287F24 /* SceneDelegate.swift */,
				636084E6993DBCB69FBCC23E /* TestFunction.storyboard */,
				CC5C1882863D650D3D18DDA6 /* ViewController.swift */,
				1D021F73DE17648F28C0F05D /* WaitViewController.swift */,
				328C53D27CB3F8017C81B66D /* WebSocketManager.swift */,
				86AA941349DB407FF39E3A65 /* Wrong_Answer.mp3 */,
				4F7E1AF58E5191467E2055F0 /* Sample */,
			);
			path = Sources;
			sourceTree = "<group>";
		};
		AA99229A272F07DA07B0963B /* Products */ = {
			isa = PBXGroup;
			children = (
				C5AB149228558ADD45FABBF2 /* client.app */,
			);
			name = Products;
			sourceTree = "<group>";
		};
		DE1D31BF194831531E9FC41D /* Frameworks */ = {
			isa = PBXGroup;
			children = (
				ACD42AABAAFADF1367CCBFA4 /* Pods_client.framework */,
			);
			name = Frameworks;
			sourceTree = "<group>";
		};
/* End PBXGroup section */

/* Begin PBXNativeTarget section */
		682F93F889C582D7F7B4DFB1 /* client */ = {
			isa = PBXNativeTarget;
			buildConfigurationList = 0435AE5EB711C11918AF5D6A /* Build configuration list for PBXNativeTarget "client" */;
			buildPhases = (
				C4AA05A3E0D8D40BD74BBB30 /* [CP] Check Pods Manifest.lock */,
				AB90B2941273266F67CC74E6 /* Sources */,
				72C324D9D33CAB4E2F760532 /* Resources */,
				0AB13518238123E7AB2F7A5A /* Frameworks */,
				20E8E0551E1E40F77CF1A4E6 /* [CP] Embed Pods Frameworks */,
			);
			buildRules = (
			);
			dependencies = (
			);
			name = client;
			productName = client;
			productReference = C5AB149228558ADD45FABBF2 /* client.app */;
			productType = "com.apple.product-type.application";
		};
/* End PBXNativeTarget section */

/* Begin PBXProject section */
		7F7EF3440D54329B392C8CA5 /* Project object */ = {
			isa = PBXProject;
			attributes = {
				LastUpgradeCheck = 1200;
				TargetAttributes = {
				};
			};
			buildConfigurationList = EE0361824CAD5BF6769F9CC2 /* Build configuration list for PBXProject "client" */;
			compatibilityVersion = "Xcode 10.0";
			developmentRegion = en;
			hasScannedForEncodings = 0;
			knownRegions = (
				Base,
				en,
			);
			mainGroup = 6E59BFCA88967E518FB9DDD8;
			productRefGroup = AA99229A272F07DA07B0963B /* Products */;
			projectDirPath = "";
			projectRoot = "";
			targets = (
				682F93F889C582D7F7B4DFB1 /* client */,
			);
		};
/* End PBXProject section */

/* Begin PBXResourcesBuildPhase section */
		72C324D9D33CAB4E2F760532 /* Resources */ = {
			isa = PBXResourcesBuildPhase;
			buildActionMask = 2147483647;
			files = (
				97C459D62AEC784F9811A284 /* Assets.xcassets in Resources */,
				A0FA55808EC3EB3F96771F89 /* Buzzer.mp3 in Resources */,
				910697AA3E3469247DA79788 /* Correct_Answer.mp3 in Resources */,
				E574D1BBA5A7E53FD819B426 /* LaunchScreen.storyboard in Resources */,
				0D2B1E73D7A994F874FA3F9D /* Main.storyboard in Resources */,
				5B63A436B6D532F78A2E6508 /* Question.mp3 in Resources */,
				04089A340EA68E17952842A0 /* README.md in Resources */,
				082B9B3DDCAC06B681512968 /* TestFunction.storyboard in Resources */,
				8E97B989805947E0F547B906 /* TestWebSocket.storyboard in Resources */,
				B22D2C4CDA194CD322E95094 /* Wrong_Answer.mp3 in Resources */,
				BB3497CEDE2E7F8FBDA9AEF7 /* project.yml in Resources */,
			);
			runOnlyForDeploymentPostprocessing = 0;
		};
/* End PBXResourcesBuildPhase section */

/* Begin PBXShellScriptBuildPhase section */
		20E8E0551E1E40F77CF1A4E6 /* [CP] Embed Pods Frameworks */ = {
			isa = PBXShellScriptBuildPhase;
			buildActionMask = 2147483647;
			files = (
			);
			inputFileListPaths = (
				"${PODS_ROOT}/Target Support Files/Pods-client/Pods-client-frameworks-${CONFIGURATION}-input-files.xcfilelist",
			);
			name = "[CP] Embed Pods Frameworks";
			outputFileListPaths = (
				"${PODS_ROOT}/Target Support Files/Pods-client/Pods-client-frameworks-${CONFIGURATION}-output-files.xcfilelist",
			);
			runOnlyForDeploymentPostprocessing = 0;
			shellPath = /bin/sh;
			shellScript = "\"${PODS_ROOT}/Target Support Files/Pods-client/Pods-client-frameworks.sh\"\n";
			showEnvVarsInLog = 0;
		};
		C4AA05A3E0D8D40BD74BBB30 /* [CP] Check Pods Manifest.lock */ = {
			isa = PBXShellScriptBuildPhase;
			buildActionMask = 2147483647;
			files = (
			);
			inputFileListPaths = (
			);
			inputPaths = (
				"${PODS_PODFILE_DIR_PATH}/Podfile.lock",
				"${PODS_ROOT}/Manifest.lock",
			);
			name = "[CP] Check Pods Manifest.lock";
			outputFileListPaths = (
			);
			outputPaths = (
				"$(DERIVED_FILE_DIR)/Pods-client-checkManifestLockResult.txt",
			);
			runOnlyForDeploymentPostprocessing = 0;
			shellPath = /bin/sh;
			shellScript = "diff \"${PODS_PODFILE_DIR_PATH}/Podfile.lock\" \"${PODS_ROOT}/Manifest.lock\" > /dev/null\nif [ $? != 0 ] ; then\n    # print error to STDERR\n    echo \"error: The sandbox is not in sync with the Podfile.lock. Run 'pod install' or update your CocoaPods installation.\" >&2\n    exit 1\nfi\n# This output is used by Xcode 'outputs' to avoid re-running this script phase.\necho \"SUCCESS\" > \"${SCRIPT_OUTPUT_FILE_0}\"\n";
			showEnvVarsInLog = 0;
		};
/* End PBXShellScriptBuildPhase section */

/* Begin PBXSourcesBuildPhase section */
		AB90B2941273266F67CC74E6 /* Sources */ = {
			isa = PBXSourcesBuildPhase;
			buildActionMask = 2147483647;
			files = (
				D0882114975ADC451A807CF9 /* AppDelegate.swift in Sources */,
				C005F21D77D01E099F8A835E /* HomeViewController.swift in Sources */,
				FE0EDF0FAD7F38131608910B /* PlayViewController.swift in Sources */,
				0F9FFADDAACEF67FD57D8916 /* Quiz.swift in Sources */,
				04C16654BD9B041B4636030A /* QuizClient.swift in Sources */,
				1E0B25AD2D5F243349295285 /* ResultViewController.swift in Sources */,
				5415E8531290A6818B0988F4 /* SceneDelegate.swift in Sources */,
				8D92D5E68147EB401BDA69E6 /* TestWebSocketViewController.swift in Sources */,
				2F523F1E7F04E990C267D8FE /* ViewController.swift in Sources */,
				589B2448CAE88A2290953AD5 /* WaitViewController.swift in Sources */,
				3F44431299D017DF6911BBB5 /* WebSocketManager.swift in Sources */,
			);
			runOnlyForDeploymentPostprocessing = 0;
		};
/* End PBXSourcesBuildPhase section */

/* Begin PBXVariantGroup section */
		2990200C22BBE35E9716B638 /* LaunchScreen.storyboard */ = {
			isa = PBXVariantGroup;
			children = (
				2965B6AAEC8B72A5AA362A72 /* Base */,
			);
			name = LaunchScreen.storyboard;
			sourceTree = "<group>";
		};
		BFE77AF38D9D5FB03E6F9C0C /* Main.storyboard */ = {
			isa = PBXVariantGroup;
			children = (
				9B0471D2EC685D174BC88A13 /* Base */,
			);
			name = Main.storyboard;
			sourceTree = "<group>";
		};
/* End PBXVariantGroup section */

/* Begin XCBuildConfiguration section */
		5EF9BBF4A1ADF5DE5F8508B2 /* Debug */ = {
			isa = XCBuildConfiguration;
			buildSettings = {
				ALWAYS_SEARCH_USER_PATHS = NO;
				CLANG_ANALYZER_NONNULL = YES;
				CLANG_ANALYZER_NUMBER_OBJECT_CONVERSION = YES_AGGRESSIVE;
				CLANG_CXX_LANGUAGE_STANDARD = "gnu++14";
				CLANG_CXX_LIBRARY = "libc++";
				CLANG_ENABLE_MODULES = YES;
				CLANG_ENABLE_OBJC_ARC = YES;
				CLANG_ENABLE_OBJC_WEAK = YES;
				CLANG_WARN_BLOCK_CAPTURE_AUTORELEASING = YES;
				CLANG_WARN_BOOL_CONVERSION = YES;
				CLANG_WARN_COMMA = YES;
				CLANG_WARN_CONSTANT_CONVERSION = YES;
				CLANG_WARN_DEPRECATED_OBJC_IMPLEMENTATIONS = YES;
				CLANG_WARN_DIRECT_OBJC_ISA_USAGE = YES_ERROR;
				CLANG_WARN_DOCUMENTATION_COMMENTS = YES;
				CLANG_WARN_EMPTY_BODY = YES;
				CLANG_WARN_ENUM_CONVERSION = YES;
				CLANG_WARN_INFINITE_RECURSION = YES;
				CLANG_WARN_INT_CONVERSION = YES;
				CLANG_WARN_NON_LITERAL_NULL_CONVERSION = YES;
				CLANG_WARN_OBJC_IMPLICIT_RETAIN_SELF = YES;
				CLANG_WARN_OBJC_LITERAL_CONVERSION = YES;
				CLANG_WARN_OBJC_ROOT_CLASS = YES_ERROR;
				CLANG_WARN_QUOTED_INCLUDE_IN_FRAMEWORK_HEADER = YES;
				CLANG_WARN_RANGE_LOOP_ANALYSIS = YES;
				CLANG_WARN_STRICT_PROTOTYPES = YES;
				CLANG_WARN_SUSPICIOUS_MOVE = YES;
				CLANG_WARN_UNGUARDED_AVAILABILITY = YES_AGGRESSIVE;
				CLANG_WARN_UNREACHABLE_CODE = YES;
				CLANG_WARN__DUPLICATE_METHOD_MATCH = YES;
				COPY_PHASE_STRIP = NO;
				DEBUG_INFORMATION_FORMAT = dwarf;
				ENABLE_STRICT_OBJC_MSGSEND = YES;
				ENABLE_TESTABILITY = YES;
				GCC_C_LANGUAGE_STANDARD = gnu11;
				GCC_DYNAMIC_NO_PIC = NO;
				GCC_NO_COMMON_BLOCKS = YES;
				GCC_OPTIMIZATION_LEVEL = 0;
				GCC_PREPROCESSOR_DEFINITIONS = (
					"$(inherited)",
					"DEBUG=1",
				);
				GCC_WARN_64_TO_32_BIT_CONVERSION = YES;
				GCC_WARN_ABOUT_RETURN_TYPE = YES_ERROR;
				GCC_WARN_UNDECLARED_SELECTOR = YES;
				GCC_WARN_UNINITIALIZED_AUTOS = YES_AGGRESSIVE;
				GCC_WARN_UNUSED_FUNCTION = YES;
				GCC_WARN_UNUSED_VARIABLE = YES;
				IPHONEOS_DEPLOYMENT_TARGET = 14.0;
				MTL_ENABLE_DEBUG_INFO = INCLUDE_SOURCE;
				MTL_FAST_MATH = YES;
				ONLY_ACTIVE_ARCH = YES;
				PRODUCT_NAME = "$(TARGET_NAME)";
				SDKROOT = iphoneos;
				SWIFT_ACTIVE_COMPILATION_CONDITIONS = DEBUG;
				SWIFT_OPTIMIZATION_LEVEL = "-Onone";
				SWIFT_VERSION = 5.0;
			};
			name = Debug;
		};
		68AC98ED7339AD7F56F90562 /* Release */ = {
			isa = XCBuildConfiguration;
			baseConfigurationReference = 0F00BB507D417E2906D51EA8 /* Pods-client.release.xcconfig */;
			buildSettings = {
				ASSETCATALOG_COMPILER_APPICON_NAME = AppIcon;
				CODE_SIGN_IDENTITY = "iPhone Developer";
				INFOPLIST_FILE = Sources/Info.plist;
				LD_RUNPATH_SEARCH_PATHS = (
					"$(inherited)",
					"@executable_path/Frameworks",
				);
				PRODUCT_BUNDLE_IDENTIFIER = com.interlinq.client;
				SDKROOT = iphoneos;
				TARGETED_DEVICE_FAMILY = "1,2";
			};
			name = Release;
		};
		6CE5B4C7BDB3A4D07E8DE572 /* Debug */ = {
			isa = XCBuildConfiguration;
			baseConfigurationReference = 548F8F7AF1D29E9D9B7C9194 /* Pods-client.debug.xcconfig */;
			buildSettings = {
				ASSETCATALOG_COMPILER_APPICON_NAME = AppIcon;
				CODE_SIGN_IDENTITY = "iPhone Developer";
				INFOPLIST_FILE = Sources/Info.plist;
				LD_RUNPATH_SEARCH_PATHS = (
					"$(inherited)",
					"@executable_path/Frameworks",
				);
				PRODUCT_BUNDLE_IDENTIFIER = com.interlinq.client;
				SDKROOT = iphoneos;
				TARGETED_DEVICE_FAMILY = "1,2";
			};
			name = Debug;
		};
		ED7A95C468095535D86ED8CA /* Release */ = {
			isa = XCBuildConfiguration;
			buildSettings = {
				ALWAYS_SEARCH_USER_PATHS = NO;
				CLANG_ANALYZER_NONNULL = YES;
				CLANG_ANALYZER_NUMBER_OBJECT_CONVERSION = YES_AGGRESSIVE;
				CLANG_CXX_LANGUAGE_STANDARD = "gnu++14";
				CLANG_CXX_LIBRARY = "libc++";
				CLANG_ENABLE_MODULES = YES;
				CLANG_ENABLE_OBJC_ARC = YES;
				CLANG_ENABLE_OBJC_WEAK = YES;
				CLANG_WARN_BLOCK_CAPTURE_AUTORELEASING = YES;
				CLANG_WARN_BOOL_CONVERSION = YES;
				CLANG_WARN_COMMA = YES;
				CLANG_WARN_CONSTANT_CONVERSION = YES;
				CLANG_WARN_DEPRECATED_OBJC_IMPLEMENTATIONS = YES;
				CLANG_WARN_DIRECT_OBJC_ISA_USAGE = YES_ERROR;
				CLANG_WARN_DOCUMENTATION_COMMENTS = YES;
				CLANG_WARN_EMPTY_BODY = YES;
				CLANG_WARN_ENUM_CONVERSION = YES;
				CLANG_WARN_INFINITE_RECURSION = YES;
				CLANG_WARN_INT_CONVERSION = YES;
				CLANG_WARN_NON_LITERAL_NULL_CONVERSION = YES;
				CLANG_WARN_OBJC_IMPLICIT_RETAIN_SELF = YES;
				CLANG_WARN_OBJC_LITERAL_CONVERSION = YES;
				CLANG_WARN_OBJC_ROOT_CLASS = YES_ERROR;
				CLANG_WARN_QUOTED_INCLUDE_IN_FRAMEWORK_HEADER = YES;
				CLANG_WARN_RANGE_LOOP_ANALYSIS = YES;
				CLANG_WARN_STRICT_PROTOTYPES = YES;
				CLANG_WARN_SUSPICIOUS_MOVE = YES;
				CLANG_WARN_UNGUARDED_AVAILABILITY = YES_AGGRESSIVE;
				CLANG_WARN_UNREACHABLE_CODE = YES;
				CLANG_WARN__DUPLICATE_METHOD_MATCH = YES;
				COPY_PHASE_STRIP = NO;
				DEBUG_INFORMATION_FORMAT = "dwarf-with-dsym";
				ENABLE_NS_ASSERTIONS = NO;
				ENABLE_STRICT_OBJC_MSGSEND = YES;
				GCC_C_LANGUAGE_STANDARD = gnu11;
				GCC_NO_COMMON_BLOCKS = YES;
				GCC_WARN_64_TO_32_BIT_CONVERSION = YES;
				GCC_WARN_ABOUT_RETURN_TYPE = YES_ERROR;
				GCC_WARN_UNDECLARED_SELECTOR = YES;
				GCC_WARN_UNINITIALIZED_AUTOS = YES_AGGRESSIVE;
				GCC_WARN_UNUSED_FUNCTION = YES;
				GCC_WARN_UNUSED_VARIABLE = YES;
				IPHONEOS_DEPLOYMENT_TARGET = 14.0;
				MTL_ENABLE_DEBUG_INFO = NO;
				MTL_FAST_MATH = YES;
				PRODUCT_NAME = "$(TARGET_NAME)";
				SDKROOT = iphoneos;
				SWIFT_COMPILATION_MODE = wholemodule;
				SWIFT_OPTIMIZATION_LEVEL = "-O";
				SWIFT_VERSION = 5.0;
			};
			name = Release;
		};
/* End XCBuildConfiguration section */

/* Begin XCConfigurationList section */
		0435AE5EB711C11918AF5D6A /* Build configuration list for PBXNativeTarget "client" */ = {
			isa = XCConfigurationList;
			buildConfigurations = (
				6CE5B4C7BDB3A4D07E8DE572 /* Debug */,
				68AC98ED7339AD7F56F90562 /* Release */,
			);
			defaultConfigurationIsVisible = 0;
			defaultConfigurationName = Debug;
		};
		EE0361824CAD5BF6769F9CC2 /* Build configuration list for PBXProject "client" */ = {
			isa = XCConfigurationList;
			buildConfigurations = (
				5EF9BBF4A1ADF5DE5F8508B2 /* Debug */,
				ED7A95C468095535D86ED8CA /* Release */,
			);
			defaultConfigurationIsVisible = 0;
			defaultConfigurationName = Debug;
		};
/* End XCConfigurationList section */
	};
	rootObject = 7F7EF3440D54329B392C8CA5 /* Project object */;
}
